
Microsoft Visual Studio Solution File, Format Version 12.00
# Visual Studio 15
VisualStudioVersion = 15.0.28307.1525
MinimumVisualStudioVersion = 10.0.40219.1
Project("{FAE04EC0-301F-11D3-BF4B-00C04F79EFBC}") = "PriceService", "PriceService\PriceService.csproj", "{ABEC511B-674C-441C-8C8D-D0FB8465BA7F}"
EndProject
Project("{FAE04EC0-301F-11D3-BF4B-00C04F79EFBC}") = "PriceBusinessLayer", "PriceBusinessLayer\PriceBusinessLayer.csproj", "{7E94BEB7-1A41-48DB-9DCC-182BA919B3AE}"
EndProject
Project("{FAE04EC0-301F-11D3-BF4B-00C04F79EFBC}") = "PriceDataLayer", "priceDataLayer\PriceDataLayer.csproj", "{557B11C7-0EC7-4B8B-8E7B-748ACA9E8CEB}"
EndProject
Project("{FAE04EC0-301F-11D3-BF4B-00C04F79EFBC}") = "Models", "Models\Models.csproj", "{9E419F00-F551-49A0-B317-AEA6A9F50E82}"
EndProject
Global
	GlobalSection(SolutionConfigurationPlatforms) = preSolution
		Debug|Any CPU = Debug|Any CPU
		Release|Any CPU = Release|Any CPU
	EndGlobalSection
	GlobalSection(ProjectConfigurationPlatforms) = postSolution
		{ABEC511B-674C-441C-8C8D-D0FB8465BA7F}.Debug|Any CPU.ActiveCfg = Debug|Any CPU
		{ABEC511B-674C-441C-8C8D-D0FB8465BA7F}.Debug|Any CPU.Build.0 = Debug|Any CPU
		{ABEC511B-674C-441C-8C8D-D0FB8465BA7F}.Release|Any CPU.ActiveCfg = Release|Any CPU
		{ABEC511B-674C-441C-8C8D-D0FB8465BA7F}.Release|Any CPU.Build.0 = Release|Any CPU
		{7E94BEB7-1A41-48DB-9DCC-182BA919B3AE}.Debug|Any CPU.ActiveCfg = Debug|Any CPU
		{7E94BEB7-1A41-48DB-9DCC-182BA919B3AE}.Debug|Any CPU.Build.0 = Debug|Any CPU
		{7E94BEB7-1A41-48DB-9DCC-182BA919B3AE}.Release|Any CPU.ActiveCfg = Release|Any CPU
		{7E94BEB7-1A41-48DB-9DCC-182BA919B3AE}.Release|Any CPU.Build.0 = Release|Any CPU
		{557B11C7-0EC7-4B8B-8E7B-748ACA9E8CEB}.Debug|Any CPU.ActiveCfg = Debug|Any CPU
		{557B11C7-0EC7-4B8B-8E7B-748ACA9E8CEB}.Debug|Any CPU.Build.0 = Debug|Any CPU
		{557B11C7-0EC7-4B8B-8E7B-748ACA9E8CEB}.Release|Any CPU.ActiveCfg = Release|Any CPU
		{557B11C7-0EC7-4B8B-8E7B-748ACA9E8CEB}.Release|Any CPU.Build.0 = Release|Any CPU
		{9E419F00-F551-49A0-B317-AEA6A9F50E82}.Debug|Any CPU.ActiveCfg = Debug|Any CPU
		{9E419F00-F551-49A0-B317-AEA6A9F50E82}.Debug|Any CPU.Build.0 = Debug|Any CPU
		{9E419F00-F551-49A0-B317-AEA6A9F50E82}.Release|Any CPU.ActiveCfg = Release|Any CPU
		{9E419F00-F551-49A0-B317-AEA6A9F50E82}.Release|Any CPU.Build.0 = Release|Any CPU
	EndGlobalSection
	GlobalSection(SolutionProperties) = preSolution
		HideSolutionNode = FALSE
	EndGlobalSection
	GlobalSection(ExtensibilityGlobals) = postSolution
		SolutionGuid = {8B491047-08ED-407A-8F94-CB88B628A993}
	EndGlobalSection
EndGlobal
